{
  "version": 4,
  "terraform_version": "1.4.0",
  "serial": 149,
  "lineage": "90e526a3-9f12-ff1b-8520-0df2488166bf",
  "outputs": {},
  "resources": [
    {
      "mode": "managed",
      "type": "google_bigquery_dataset",
      "name": "vmo2_tech_test",
      "provider": "provider[\"registry.terraform.io/hashicorp/google\"]",
      "instances": [
        {
          "schema_version": 0,
          "attributes": {
            "access": [
              {
                "dataset": [],
                "domain": "",
                "group_by_email": "",
                "role": "owner",
                "routine": [],
                "special_group": "",
                "user_by_email": "bqowner@assesment-380119.iam.gserviceaccount.com",
                "view": []
              }
            ],
            "creation_time": -772610592,
            "dataset_id": "vmo2_tech_test",
            "default_encryption_configuration": [],
            "default_partition_expiration_ms": 0,
            "default_table_expiration_ms": 3600000,
            "delete_contents_on_destroy": false,
            "description": "This is the dataset for the given vm02_tech_test",
            "etag": "bUjaTTfaQGgU4dcc6mmiWg==",
            "friendly_name": "tech test dataset",
            "id": "projects/assesment-380119/datasets/vmo2_tech_test",
            "labels": {
              "env": "default"
            },
            "last_modified_time": -754078918,
            "location": "europe-west2",
            "max_time_travel_hours": "",
            "project": "assesment-380119",
            "self_link": "https://bigquery.googleapis.com/bigquery/v2/projects/assesment-380119/datasets/vmo2_tech_test",
            "timeouts": null
          },
          "sensitive_attributes": [],
          "private": "eyJlMmJmYjczMC1lY2FhLTExZTYtOGY4OC0zNDM2M2JjN2M0YzAiOnsiY3JlYXRlIjoxMjAwMDAwMDAwMDAwLCJkZWxldGUiOjEyMDAwMDAwMDAwMDAsInVwZGF0ZSI6MTIwMDAwMDAwMDAwMH19",
          "dependencies": [
            "google_service_account.bqowner"
          ]
        }
      ]
    },
    {
      "mode": "managed",
      "type": "google_compute_network",
      "name": "vpc_network",
      "provider": "provider[\"registry.terraform.io/hashicorp/google\"]",
      "instances": [
        {
          "schema_version": 0,
          "attributes": {
            "auto_create_subnetworks": false,
            "delete_default_routes_on_create": false,
            "description": "",
            "enable_ula_internal_ipv6": false,
            "gateway_ipv4": "",
            "id": "projects/assesment-380119/global/networks/assesment",
            "internal_ipv6_range": "",
            "mtu": 0,
            "name": "assesment",
            "project": "assesment-380119",
            "routing_mode": "REGIONAL",
            "self_link": "https://www.googleapis.com/compute/v1/projects/assesment-380119/global/networks/assesment",
            "timeouts": null
          },
          "sensitive_attributes": [],
          "private": "eyJlMmJmYjczMC1lY2FhLTExZTYtOGY4OC0zNDM2M2JjN2M0YzAiOnsiY3JlYXRlIjoxMjAwMDAwMDAwMDAwLCJkZWxldGUiOjEyMDAwMDAwMDAwMDAsInVwZGF0ZSI6MTIwMDAwMDAwMDAwMH19"
        }
      ]
    },
    {
      "mode": "managed",
      "type": "google_compute_route",
      "name": "private_cluster_internet_access",
      "provider": "provider[\"registry.terraform.io/hashicorp/google\"]",
      "instances": [
        {
          "schema_version": 0,
          "attributes": {
            "description": "",
            "dest_range": "0.0.0.0/0",
            "id": "projects/assesment-380119/global/routes/private-cluster-internet-access",
            "name": "private-cluster-internet-access",
            "network": "https://www.googleapis.com/compute/v1/projects/assesment-380119/global/networks/assesment",
            "next_hop_gateway": "https://www.googleapis.com/compute/v1/projects/assesment-380119/global/gateways/default-internet-gateway",
            "next_hop_ilb": "",
            "next_hop_instance": "",
            "next_hop_instance_zone": null,
            "next_hop_ip": "",
            "next_hop_network": "",
            "next_hop_vpn_tunnel": "",
            "priority": 1000,
            "project": "assesment-380119",
            "self_link": "https://www.googleapis.com/compute/v1/projects/assesment-380119/global/routes/private-cluster-internet-access",
            "tags": [],
            "timeouts": null
          },
          "sensitive_attributes": [],
          "private": "eyJlMmJmYjczMC1lY2FhLTExZTYtOGY4OC0zNDM2M2JjN2M0YzAiOnsiY3JlYXRlIjoxMjAwMDAwMDAwMDAwLCJkZWxldGUiOjEyMDAwMDAwMDAwMDB9fQ==",
          "dependencies": [
            "google_compute_network.vpc_network"
          ]
        }
      ]
    },
    {
      "mode": "managed",
      "type": "google_compute_subnetwork",
      "name": "subnet_london",
      "provider": "provider[\"registry.terraform.io/hashicorp/google\"]",
      "instances": [
        {
          "schema_version": 0,
          "attributes": {
            "creation_timestamp": "2023-03-10T13:42:59.698-08:00",
            "description": "",
            "external_ipv6_prefix": "",
            "fingerprint": null,
            "gateway_address": "10.0.0.1",
            "id": "projects/assesment-380119/regions/europe-west2/subnetworks/assessment-subnet-london",
            "ip_cidr_range": "10.0.0.0/24",
            "ipv6_access_type": "",
            "ipv6_cidr_range": "",
            "log_config": [],
            "name": "assessment-subnet-london",
            "network": "https://www.googleapis.com/compute/v1/projects/assesment-380119/global/networks/assesment",
            "private_ip_google_access": true,
            "private_ipv6_google_access": "DISABLE_GOOGLE_ACCESS",
            "project": "assesment-380119",
            "purpose": "PRIVATE",
            "region": "europe-west2",
            "role": "",
            "secondary_ip_range": [
              {
                "ip_cidr_range": "10.140.0.0/20",
                "range_name": "gke-assessment-private-cluster-services-c1362e5d"
              },
              {
                "ip_cidr_range": "10.136.0.0/14",
                "range_name": "gke-assessment-private-cluster-pods-c1362e5d"
              }
            ],
            "self_link": "https://www.googleapis.com/compute/v1/projects/assesment-380119/regions/europe-west2/subnetworks/assessment-subnet-london",
            "stack_type": "IPV4_ONLY",
            "timeouts": null
          },
          "sensitive_attributes": [],
          "private": "eyJlMmJmYjczMC1lY2FhLTExZTYtOGY4OC0zNDM2M2JjN2M0YzAiOnsiY3JlYXRlIjoxMjAwMDAwMDAwMDAwLCJkZWxldGUiOjEyMDAwMDAwMDAwMDAsInVwZGF0ZSI6MTIwMDAwMDAwMDAwMH19",
          "dependencies": [
            "google_compute_network.vpc_network"
          ]
        }
      ]
    },
    {
      "mode": "managed",
      "type": "google_container_cluster",
      "name": "private_cluster",
      "provider": "provider[\"registry.terraform.io/hashicorp/google\"]",
      "instances": [
        {
          "schema_version": 1,
          "attributes": {
            "addons_config": [
              {
                "cloudrun_config": [],
                "config_connector_config": [],
                "dns_cache_config": [],
                "gce_persistent_disk_csi_driver_config": [
                  {
                    "enabled": true
                  }
                ],
                "gcp_filestore_csi_driver_config": [],
                "gke_backup_agent_config": [],
                "horizontal_pod_autoscaling": [],
                "http_load_balancing": [],
                "network_policy_config": [
                  {
                    "disabled": true
                  }
                ]
              }
            ],
            "authenticator_groups_config": [],
            "binary_authorization": [
              {
                "enabled": false,
                "evaluation_mode": ""
              }
            ],
            "cluster_autoscaling": [
              {
                "auto_provisioning_defaults": [],
                "enabled": false,
                "resource_limits": []
              }
            ],
            "cluster_ipv4_cidr": "10.136.0.0/14",
            "confidential_nodes": [],
            "cost_management_config": [],
            "database_encryption": [
              {
                "key_name": "",
                "state": "DECRYPTED"
              }
            ],
            "datapath_provider": "",
            "default_max_pods_per_node": 110,
            "default_snat_status": [
              {
                "disabled": false
              }
            ],
            "description": "",
            "dns_config": [],
            "enable_autopilot": false,
            "enable_binary_authorization": false,
            "enable_intranode_visibility": false,
            "enable_kubernetes_alpha": false,
            "enable_l4_ilb_subsetting": false,
            "enable_legacy_abac": false,
            "enable_shielded_nodes": true,
            "enable_tpu": false,
            "endpoint": "35.246.89.175",
            "gateway_api_config": [],
            "id": "projects/assesment-380119/locations/europe-west2-a/clusters/assessment-private-cluster",
            "initial_node_count": 1,
            "ip_allocation_policy": [
              {
                "cluster_ipv4_cidr_block": "10.136.0.0/14",
                "cluster_secondary_range_name": "gke-assessment-private-cluster-pods-c1362e5d",
                "services_ipv4_cidr_block": "10.140.0.0/20",
                "services_secondary_range_name": "gke-assessment-private-cluster-services-c1362e5d"
              }
            ],
            "label_fingerprint": "a9dc16a7",
            "location": "europe-west2-a",
            "logging_config": [
              {
                "enable_components": [
                  "SYSTEM_COMPONENTS",
                  "WORKLOADS"
                ]
              }
            ],
            "logging_service": "logging.googleapis.com/kubernetes",
            "maintenance_policy": [],
            "master_auth": [
              {
                "client_certificate": "",
                "client_certificate_config": [
                  {
                    "issue_client_certificate": false
                  }
                ],
                "client_key": "",
                "cluster_ca_certificate": "LS0tLS1CRUdJTiBDRVJUSUZJQ0FURS0tLS0tCk1JSUVMVENDQXBXZ0F3SUJBZ0lSQUl6Y0VPbmhySmI0MnJZaS9EYmtHMnN3RFFZSktvWklodmNOQVFFTEJRQXcKTHpFdE1Dc0dBMVVFQXhNa1lqVXlNRFl6TnprdE1URmxZUzAwTURBMExXSmpNemN0TXpkak9ETmxOekF4WmpjdwpNQ0FYRFRJek1ETXhNVEUxTkRRek1sb1lEekl3TlRNd016QXpNVFkwTkRNeVdqQXZNUzB3S3dZRFZRUURFeVJpCk5USXdOak0zT1MweE1XVmhMVFF3TURRdFltTXpOeTB6TjJNNE0yVTNNREZtTnpBd2dnR2lNQTBHQ1NxR1NJYjMKRFFFQkFRVUFBNElCandBd2dnR0tBb0lCZ1FDcENaS1pUOXJaL3NPYmduNkRHYld1bGR5SHlRME5GYmVyT0J1cgpGS3Y2OHpnL2ZEc2I3MEY0T1ZWcUxXREhkSDBQWFExTFI2Z1ZpL1ljYjVTTXErTzZ3VlhxbkpPUTVFQ2IwMlAyCjd6N3dMWlg1dDlIMnhvdk1yNFNBRGMvaGxqOGRCM0dueVpVWFN5T3ZhZy9va2s1Q0YrMXptSE9LK0dhSDBBcUEKT1JBRk42TzdGdmh2QVczUmJXSUxIY1NZTEZHYVVveHlTdy9JdTNzVXpSdHFiNUdqR2hXUmpPT1Rsc2ZucmVFSwpRYjI5UHM1NDA2ZVo4L2hOWGIzd2w1V1hzQkN2OTFROHhLTEVoMXRkcFJoVWx3ZktFb09wK0dVNm1qYjcrMHlvCjczQS9ES1BRRUhMenFCdWdYYW9yc3ZncXZUaEtSRmswRTBCd3haSURXSlFkT1ZsK1I3eWdQdElaQVphSVZPaTAKcjV4VTNQcElTUGJ6VVdoQXZkblVYKzJBdTA1S0xRdElqWHBuYnJINUx3bWZCTm9EdWVOdVhrRlBodkNyclNxdAp3NGhzb1hoaFF1dmNLaGhLNWVPbHJadGhzNmpHRzhzWEFibkdPRG1URGU1WXJzMHlQc3gzdEMwNjBiZzJSUzZLCjNnaW5jdHMwZzZaTHZEQVJVd2YxMlJLdjc0OENBd0VBQWFOQ01FQXdEZ1lEVlIwUEFRSC9CQVFEQWdJRU1BOEcKQTFVZEV3RUIvd1FGTUFNQkFmOHdIUVlEVlIwT0JCWUVGQ25JY3ZRWkJ1RnBJdmp1RTZJWUFXWWVHNDFzTUEwRwpDU3FHU0liM0RRRUJDd1VBQTRJQmdRQkhnczNIZENmaWo5QjZPa0ZYU0ZTRFJEczRsZWl6TUZSMERCMk50Z1loCldKeVJTWVl4bFpxNXdDOUd4bWIySnM4MDFIQnFLNlFiYXJOMVBueEIvS2JiWkxvRU9vT1M3MXhhc21Ca0UrajcKOW0yVWJJVGxtcnAwZ0FPWE4zWks5TGpMQVZ4WWVzdXZvekhuL2RRQTd3RnduZHp0NFRFbHJ6cVd0V0RRVmtuWQpKRXN4SWVyay9rVWFHU3QrM1JpQTN1cWVlMGhiaG5HRmFTQ2YyY2srdTFpbE44bURhd1ZLSXg0ei83cmhmNFlaClU5bTFNNGwrUGhwU0lUU0NhMzVoblhYRTVFeGdYWkxCd0FwSmxKb0Y5ZkpqeDVCck40STRtRXp6cUljMGg0Tk0KaTFCdHhvdUhPRnJwUkVycWFnTThFQ1UwaUJlUUQ5YlNGMGlSRy9kUWJHS3c0UDBjazZ1K2lpdXR1bCtjRmQxcQpWOU5jZ1hKSnB3TEphN00rL09od1lLWlV0dUJvdTM2L3FoeHR2cHdBUjZPVnJsK2NaVEFOVk5VcVBSV2N5cTFDClc4U28rQkxiWWxkdlZKTE8vbXN5U1FEeXc4Z3g3TWUzOExURmFQckx2SlVER1JHem1TMTVKaTRscEZjbXJTc1YKV0hmTmtiaVpxVkhhd2NheWJhcFVjMzA9Ci0tLS0tRU5EIENFUlRJRklDQVRFLS0tLS0K"
              }
            ],
            "master_authorized_networks_config": [
              {
                "cidr_blocks": [
                  {
                    "cidr_block": "0.0.0.0/0",
                    "display_name": "assessment"
                  }
                ],
                "gcp_public_cidrs_access_enabled": false
              }
            ],
            "master_version": "1.24.9-gke.3200",
            "mesh_certificates": [],
            "min_master_version": null,
            "monitoring_config": [
              {
                "enable_components": [
                  "SYSTEM_COMPONENTS"
                ],
                "managed_prometheus": []
              }
            ],
            "monitoring_service": "monitoring.googleapis.com/kubernetes",
            "name": "assessment-private-cluster",
            "network": "projects/assesment-380119/global/networks/assesment",
            "network_policy": [
              {
                "enabled": false,
                "provider": "PROVIDER_UNSPECIFIED"
              }
            ],
            "networking_mode": "VPC_NATIVE",
            "node_config": [
              {
                "boot_disk_kms_key": "",
                "disk_size_gb": 100,
                "disk_type": "pd-balanced",
                "gcfs_config": [],
                "guest_accelerator": [],
                "gvnic": [],
                "image_type": "COS_CONTAINERD",
                "kubelet_config": [],
                "labels": {},
                "linux_node_config": [],
                "local_ssd_count": 0,
                "logging_variant": "DEFAULT",
                "machine_type": "e2-micro",
                "metadata": {
                  "disable-legacy-endpoints": "true"
                },
                "min_cpu_platform": "",
                "node_group": "",
                "oauth_scopes": [
                  "https://www.googleapis.com/auth/cloud-platform"
                ],
                "preemptible": true,
                "reservation_affinity": [],
                "resource_labels": {},
                "service_account": "assessment-sa@assesment-380119.iam.gserviceaccount.com",
                "shielded_instance_config": [
                  {
                    "enable_integrity_monitoring": true,
                    "enable_secure_boot": false
                  }
                ],
                "spot": false,
                "tags": [],
                "taint": [],
                "workload_metadata_config": [
                  {
                    "mode": "GKE_METADATA"
                  }
                ]
              }
            ],
            "node_locations": [],
            "node_pool": [
              {
                "autoscaling": [
                  {
                    "location_policy": "ANY",
                    "max_node_count": 0,
                    "min_node_count": 0,
                    "total_max_node_count": 4,
                    "total_min_node_count": 0
                  }
                ],
                "initial_node_count": 0,
                "instance_group_urls": [
                  "https://www.googleapis.com/compute/v1/projects/assesment-380119/zones/europe-west2-a/instanceGroupManagers/gke-assessment-priva-assesment-preemp-94faf589-grp"
                ],
                "managed_instance_group_urls": [
                  "https://www.googleapis.com/compute/v1/projects/assesment-380119/zones/europe-west2-a/instanceGroups/gke-assessment-priva-assesment-preemp-94faf589-grp"
                ],
                "management": [
                  {
                    "auto_repair": true,
                    "auto_upgrade": true
                  }
                ],
                "max_pods_per_node": 110,
                "name": "assesment-preemptible-node-pool",
                "name_prefix": "",
                "network_config": [
                  {
                    "create_pod_range": false,
                    "enable_private_nodes": false,
                    "pod_ipv4_cidr_block": "10.136.0.0/14",
                    "pod_range": "gke-assessment-private-cluster-pods-c1362e5d"
                  }
                ],
                "node_config": [
                  {
                    "boot_disk_kms_key": "",
                    "disk_size_gb": 100,
                    "disk_type": "pd-balanced",
                    "gcfs_config": [],
                    "guest_accelerator": [],
                    "gvnic": [],
                    "image_type": "COS_CONTAINERD",
                    "kubelet_config": [],
                    "labels": {},
                    "linux_node_config": [],
                    "local_ssd_count": 0,
                    "logging_variant": "DEFAULT",
                    "machine_type": "e2-micro",
                    "metadata": {
                      "disable-legacy-endpoints": "true"
                    },
                    "min_cpu_platform": "",
                    "node_group": "",
                    "oauth_scopes": [
                      "https://www.googleapis.com/auth/cloud-platform"
                    ],
                    "preemptible": true,
                    "reservation_affinity": [],
                    "resource_labels": {},
                    "service_account": "assessment-sa@assesment-380119.iam.gserviceaccount.com",
                    "shielded_instance_config": [
                      {
                        "enable_integrity_monitoring": true,
                        "enable_secure_boot": false
                      }
                    ],
                    "spot": false,
                    "tags": [],
                    "taint": [],
                    "workload_metadata_config": [
                      {
                        "mode": "GKE_METADATA"
                      }
                    ]
                  }
                ],
                "node_count": 0,
                "node_locations": [
                  "europe-west2-a"
                ],
                "placement_policy": [],
                "upgrade_settings": [
                  {
                    "blue_green_settings": [],
                    "max_surge": 1,
                    "max_unavailable": 0,
                    "strategy": "SURGE"
                  }
                ],
                "version": "1.24.9-gke.3200"
              },
              {
                "autoscaling": [],
                "initial_node_count": 2,
                "instance_group_urls": [
                  "https://www.googleapis.com/compute/v1/projects/assesment-380119/zones/europe-west2-a/instanceGroupManagers/gke-assessment-priva-assesment-primar-516a868a-grp"
                ],
                "managed_instance_group_urls": [
                  "https://www.googleapis.com/compute/v1/projects/assesment-380119/zones/europe-west2-a/instanceGroups/gke-assessment-priva-assesment-primar-516a868a-grp"
                ],
                "management": [
                  {
                    "auto_repair": true,
                    "auto_upgrade": true
                  }
                ],
                "max_pods_per_node": 110,
                "name": "assesment-primary-node-pool",
                "name_prefix": "",
                "network_config": [
                  {
                    "create_pod_range": false,
                    "enable_private_nodes": false,
                    "pod_ipv4_cidr_block": "10.136.0.0/14",
                    "pod_range": "gke-assessment-private-cluster-pods-c1362e5d"
                  }
                ],
                "node_config": [
                  {
                    "boot_disk_kms_key": "",
                    "disk_size_gb": 100,
                    "disk_type": "pd-balanced",
                    "gcfs_config": [],
                    "guest_accelerator": [],
                    "gvnic": [],
                    "image_type": "COS_CONTAINERD",
                    "kubelet_config": [],
                    "labels": {},
                    "linux_node_config": [],
                    "local_ssd_count": 0,
                    "logging_variant": "DEFAULT",
                    "machine_type": "e2-micro",
                    "metadata": {
                      "disable-legacy-endpoints": "true"
                    },
                    "min_cpu_platform": "",
                    "node_group": "",
                    "oauth_scopes": [
                      "https://www.googleapis.com/auth/cloud-platform"
                    ],
                    "preemptible": false,
                    "reservation_affinity": [],
                    "resource_labels": {},
                    "service_account": "assessment-sa@assesment-380119.iam.gserviceaccount.com",
                    "shielded_instance_config": [
                      {
                        "enable_integrity_monitoring": true,
                        "enable_secure_boot": false
                      }
                    ],
                    "spot": false,
                    "tags": [],
                    "taint": [],
                    "workload_metadata_config": [
                      {
                        "mode": "GKE_METADATA"
                      }
                    ]
                  }
                ],
                "node_count": 2,
                "node_locations": [
                  "europe-west2-a"
                ],
                "placement_policy": [],
                "upgrade_settings": [
                  {
                    "blue_green_settings": [],
                    "max_surge": 1,
                    "max_unavailable": 0,
                    "strategy": "SURGE"
                  }
                ],
                "version": "1.24.9-gke.3200"
              }
            ],
            "node_pool_defaults": [
              {
                "node_config_defaults": [
                  {
                    "logging_variant": "DEFAULT"
                  }
                ]
              }
            ],
            "node_version": "1.24.9-gke.3200",
            "notification_config": [
              {
                "pubsub": [
                  {
                    "enabled": false,
                    "filter": [],
                    "topic": ""
                  }
                ]
              }
            ],
            "operation": null,
            "private_cluster_config": [
              {
                "enable_private_endpoint": false,
                "enable_private_nodes": true,
                "master_global_access_config": [
                  {
                    "enabled": false
                  }
                ],
                "master_ipv4_cidr_block": "172.16.0.0/28",
                "peering_name": "gke-nd44506563944bc85f97-5634-c052-peer",
                "private_endpoint": "172.16.0.2",
                "private_endpoint_subnetwork": "",
                "public_endpoint": "35.246.89.175"
              }
            ],
            "private_ipv6_google_access": "",
            "project": "assesment-380119",
            "release_channel": [
              {
                "channel": "REGULAR"
              }
            ],
            "remove_default_node_pool": true,
            "resource_labels": {},
            "resource_usage_export_config": [],
            "self_link": "https://container.googleapis.com/v1/projects/assesment-380119/zones/europe-west2-a/clusters/assessment-private-cluster",
            "service_external_ips_config": [
              {
                "enabled": false
              }
            ],
            "services_ipv4_cidr": "10.140.0.0/20",
            "subnetwork": "projects/assesment-380119/regions/europe-west2/subnetworks/assessment-subnet-london",
            "timeouts": null,
            "tpu_ipv4_cidr_block": "",
            "vertical_pod_autoscaling": [],
            "workload_identity_config": [
              {
                "workload_pool": "assesment-380119.svc.id.goog"
              }
            ]
          },
          "sensitive_attributes": [],
          "private": "eyJlMmJmYjczMC1lY2FhLTExZTYtOGY4OC0zNDM2M2JjN2M0YzAiOnsiY3JlYXRlIjoyNDAwMDAwMDAwMDAwLCJkZWxldGUiOjI0MDAwMDAwMDAwMDAsInJlYWQiOjI0MDAwMDAwMDAwMDAsInVwZGF0ZSI6MzYwMDAwMDAwMDAwMH0sInNjaGVtYV92ZXJzaW9uIjoiMSJ9",
          "dependencies": [
            "google_compute_network.vpc_network",
            "google_compute_subnetwork.subnet_london"
          ]
        }
      ]
    },
    {
      "mode": "managed",
      "type": "google_container_node_pool",
      "name": "assesment-preemptible-nodes",
      "provider": "provider[\"registry.terraform.io/hashicorp/google\"]",
      "instances": [
        {
          "schema_version": 1,
          "attributes": {
            "autoscaling": [
              {
                "location_policy": "ANY",
                "max_node_count": 0,
                "min_node_count": 0,
                "total_max_node_count": 4,
                "total_min_node_count": 0
              }
            ],
            "cluster": "assessment-private-cluster",
            "id": "projects/assesment-380119/locations/europe-west2-a/clusters/assessment-private-cluster/nodePools/assesment-preemptible-node-pool",
            "initial_node_count": 0,
            "instance_group_urls": [
              "https://www.googleapis.com/compute/v1/projects/assesment-380119/zones/europe-west2-a/instanceGroupManagers/gke-assessment-priva-assesment-preemp-94faf589-grp"
            ],
            "location": "europe-west2-a",
            "managed_instance_group_urls": [
              "https://www.googleapis.com/compute/v1/projects/assesment-380119/zones/europe-west2-a/instanceGroups/gke-assessment-priva-assesment-preemp-94faf589-grp"
            ],
            "management": [
              {
                "auto_repair": true,
                "auto_upgrade": true
              }
            ],
            "max_pods_per_node": 110,
            "name": "assesment-preemptible-node-pool",
            "name_prefix": "",
            "network_config": [
              {
                "create_pod_range": false,
                "enable_private_nodes": false,
                "pod_ipv4_cidr_block": "10.136.0.0/14",
                "pod_range": "gke-assessment-private-cluster-pods-c1362e5d"
              }
            ],
            "node_config": [
              {
                "boot_disk_kms_key": "",
                "disk_size_gb": 100,
                "disk_type": "pd-balanced",
                "gcfs_config": [],
                "guest_accelerator": [],
                "gvnic": [],
                "image_type": "COS_CONTAINERD",
                "kubelet_config": [],
                "labels": {},
                "linux_node_config": [],
                "local_ssd_count": 0,
                "logging_variant": "DEFAULT",
                "machine_type": "e2-micro",
                "metadata": {
                  "disable-legacy-endpoints": "true"
                },
                "min_cpu_platform": "",
                "node_group": "",
                "oauth_scopes": [
                  "https://www.googleapis.com/auth/cloud-platform"
                ],
                "preemptible": true,
                "reservation_affinity": [],
                "resource_labels": {},
                "service_account": "assessment-sa@assesment-380119.iam.gserviceaccount.com",
                "shielded_instance_config": [
                  {
                    "enable_integrity_monitoring": true,
                    "enable_secure_boot": false
                  }
                ],
                "spot": false,
                "tags": [],
                "taint": [],
                "workload_metadata_config": [
                  {
                    "mode": "GKE_METADATA"
                  }
                ]
              }
            ],
            "node_count": 0,
            "node_locations": [
              "europe-west2-a"
            ],
            "operation": null,
            "placement_policy": [],
            "project": "assesment-380119",
            "timeouts": null,
            "upgrade_settings": [
              {
                "blue_green_settings": [],
                "max_surge": 1,
                "max_unavailable": 0,
                "strategy": "SURGE"
              }
            ],
            "version": "1.24.9-gke.3200"
          },
          "sensitive_attributes": [],
          "private": "eyJlMmJmYjczMC1lY2FhLTExZTYtOGY4OC0zNDM2M2JjN2M0YzAiOnsiY3JlYXRlIjoxODAwMDAwMDAwMDAwLCJkZWxldGUiOjE4MDAwMDAwMDAwMDAsInVwZGF0ZSI6MTgwMDAwMDAwMDAwMH0sInNjaGVtYV92ZXJzaW9uIjoiMSJ9",
          "dependencies": [
            "google_compute_network.vpc_network",
            "google_compute_subnetwork.subnet_london",
            "google_container_cluster.private_cluster",
            "google_service_account.service_account"
          ]
        }
      ]
    },
    {
      "mode": "managed",
      "type": "google_container_node_pool",
      "name": "assesment_primary_nodes",
      "provider": "provider[\"registry.terraform.io/hashicorp/google\"]",
      "instances": [
        {
          "schema_version": 1,
          "attributes": {
            "autoscaling": [],
            "cluster": "assessment-private-cluster",
            "id": "projects/assesment-380119/locations/europe-west2-a/clusters/assessment-private-cluster/nodePools/assesment-primary-node-pool",
            "initial_node_count": 2,
            "instance_group_urls": [
              "https://www.googleapis.com/compute/v1/projects/assesment-380119/zones/europe-west2-a/instanceGroupManagers/gke-assessment-priva-assesment-primar-516a868a-grp"
            ],
            "location": "europe-west2-a",
            "managed_instance_group_urls": [
              "https://www.googleapis.com/compute/v1/projects/assesment-380119/zones/europe-west2-a/instanceGroups/gke-assessment-priva-assesment-primar-516a868a-grp"
            ],
            "management": [
              {
                "auto_repair": true,
                "auto_upgrade": true
              }
            ],
            "max_pods_per_node": 110,
            "name": "assesment-primary-node-pool",
            "name_prefix": "",
            "network_config": [
              {
                "create_pod_range": false,
                "enable_private_nodes": false,
                "pod_ipv4_cidr_block": "10.136.0.0/14",
                "pod_range": "gke-assessment-private-cluster-pods-c1362e5d"
              }
            ],
            "node_config": [
              {
                "boot_disk_kms_key": "",
                "disk_size_gb": 100,
                "disk_type": "pd-balanced",
                "gcfs_config": [],
                "guest_accelerator": [],
                "gvnic": [],
                "image_type": "COS_CONTAINERD",
                "kubelet_config": [],
                "labels": {},
                "linux_node_config": [],
                "local_ssd_count": 0,
                "logging_variant": "DEFAULT",
                "machine_type": "e2-micro",
                "metadata": {
                  "disable-legacy-endpoints": "true"
                },
                "min_cpu_platform": "",
                "node_group": "",
                "oauth_scopes": [
                  "https://www.googleapis.com/auth/cloud-platform"
                ],
                "preemptible": false,
                "reservation_affinity": [],
                "resource_labels": {},
                "service_account": "assessment-sa@assesment-380119.iam.gserviceaccount.com",
                "shielded_instance_config": [
                  {
                    "enable_integrity_monitoring": true,
                    "enable_secure_boot": false
                  }
                ],
                "spot": false,
                "tags": [],
                "taint": [],
                "workload_metadata_config": [
                  {
                    "mode": "GKE_METADATA"
                  }
                ]
              }
            ],
            "node_count": 2,
            "node_locations": [
              "europe-west2-a"
            ],
            "operation": null,
            "placement_policy": [],
            "project": "assesment-380119",
            "timeouts": null,
            "upgrade_settings": [
              {
                "blue_green_settings": [],
                "max_surge": 1,
                "max_unavailable": 0,
                "strategy": "SURGE"
              }
            ],
            "version": "1.24.9-gke.3200"
          },
          "sensitive_attributes": [],
          "private": "eyJlMmJmYjczMC1lY2FhLTExZTYtOGY4OC0zNDM2M2JjN2M0YzAiOnsiY3JlYXRlIjoxODAwMDAwMDAwMDAwLCJkZWxldGUiOjE4MDAwMDAwMDAwMDAsInVwZGF0ZSI6MTgwMDAwMDAwMDAwMH0sInNjaGVtYV92ZXJzaW9uIjoiMSJ9",
          "dependencies": [
            "google_compute_network.vpc_network",
            "google_compute_subnetwork.subnet_london",
            "google_container_cluster.private_cluster",
            "google_service_account.service_account"
          ]
        }
      ]
    },
    {
      "mode": "managed",
      "type": "google_project_iam_binding",
      "name": "service_account_roles",
      "provider": "provider[\"registry.terraform.io/hashicorp/google\"]",
      "instances": [
        {
          "schema_version": 0,
          "attributes": {
            "condition": [],
            "etag": "BwX2p0C7H8M=",
            "id": "assesment-380119/roles/container.admin",
            "members": [
              "serviceAccount:assessment-sa@assesment-380119.iam.gserviceaccount.com"
            ],
            "project": "assesment-380119",
            "role": "roles/container.admin"
          },
          "sensitive_attributes": [],
          "private": "bnVsbA==",
          "dependencies": [
            "google_service_account.service_account"
          ]
        }
      ]
    },
    {
      "mode": "managed",
      "type": "google_service_account",
      "name": "bqowner",
      "provider": "provider[\"registry.terraform.io/hashicorp/google\"]",
      "instances": [
        {
          "schema_version": 0,
          "attributes": {
            "account_id": "bqowner",
            "description": "",
            "disabled": false,
            "display_name": "",
            "email": "bqowner@assesment-380119.iam.gserviceaccount.com",
            "id": "projects/assesment-380119/serviceAccounts/bqowner@assesment-380119.iam.gserviceaccount.com",
            "member": "serviceAccount:bqowner@assesment-380119.iam.gserviceaccount.com",
            "name": "projects/assesment-380119/serviceAccounts/bqowner@assesment-380119.iam.gserviceaccount.com",
            "project": "assesment-380119",
            "timeouts": null,
            "unique_id": "105653021697889234194"
          },
          "sensitive_attributes": [],
          "private": "eyJlMmJmYjczMC1lY2FhLTExZTYtOGY4OC0zNDM2M2JjN2M0YzAiOnsiY3JlYXRlIjozMDAwMDAwMDAwMDB9fQ=="
        }
      ]
    },
    {
      "mode": "managed",
      "type": "google_service_account",
      "name": "service_account",
      "provider": "provider[\"registry.terraform.io/hashicorp/google\"]",
      "instances": [
        {
          "schema_version": 0,
          "attributes": {
            "account_id": "assessment-sa",
            "description": "",
            "disabled": false,
            "display_name": "assessment",
            "email": "assessment-sa@assesment-380119.iam.gserviceaccount.com",
            "id": "projects/assesment-380119/serviceAccounts/assessment-sa@assesment-380119.iam.gserviceaccount.com",
            "member": "serviceAccount:assessment-sa@assesment-380119.iam.gserviceaccount.com",
            "name": "projects/assesment-380119/serviceAccounts/assessment-sa@assesment-380119.iam.gserviceaccount.com",
            "project": "assesment-380119",
            "timeouts": null,
            "unique_id": "109930357480334058127"
          },
          "sensitive_attributes": [],
          "private": "eyJlMmJmYjczMC1lY2FhLTExZTYtOGY4OC0zNDM2M2JjN2M0YzAiOnsiY3JlYXRlIjozMDAwMDAwMDAwMDB9fQ=="
        }
      ]
    }
  ],
  "check_results": null
}
